
Microsoft Visual Studio Solution File, Format Version 12.00
# Visual Studio 15
VisualStudioVersion = 15.0.28010.2046
MinimumVisualStudioVersion = 10.0.40219.1
Project("{FAE04EC0-301F-11D3-BF4B-00C04F79EFBC}") = "GoogleSheetsTest", "GoogleSheetsTest\GoogleSheetsTest.csproj", "{276A75D8-7E0A-4036-8F16-3CC82D8F3B02}"
EndProject
Project("{FAE04EC0-301F-11D3-BF4B-00C04F79EFBC}") = "GoogleSheetsUploader", "GoogleSheetsUploader\GoogleSheetsUploader.csproj", "{ABE8409D-DE78-44F7-9ED6-C3C03DB24233}"
EndProject
Global
	GlobalSection(SolutionConfigurationPlatforms) = preSolution
		Debug|Any CPU = Debug|Any CPU
		Release|Any CPU = Release|Any CPU
	EndGlobalSection
	GlobalSection(ProjectConfigurationPlatforms) = postSolution
		{276A75D8-7E0A-4036-8F16-3CC82D8F3B02}.Debug|Any CPU.ActiveCfg = Debug|Any CPU
		{276A75D8-7E0A-4036-8F16-3CC82D8F3B02}.Debug|Any CPU.Build.0 = Debug|Any CPU
		{276A75D8-7E0A-4036-8F16-3CC82D8F3B02}.Release|Any CPU.ActiveCfg = Release|Any CPU
		{276A75D8-7E0A-4036-8F16-3CC82D8F3B02}.Release|Any CPU.Build.0 = Release|Any CPU
		{ABE8409D-DE78-44F7-9ED6-C3C03DB24233}.Debug|Any CPU.ActiveCfg = Debug|Any CPU
		{ABE8409D-DE78-44F7-9ED6-C3C03DB24233}.Debug|Any CPU.Build.0 = Debug|Any CPU
		{ABE8409D-DE78-44F7-9ED6-C3C03DB24233}.Release|Any CPU.ActiveCfg = Release|Any CPU
		{ABE8409D-DE78-44F7-9ED6-C3C03DB24233}.Release|Any CPU.Build.0 = Release|Any CPU
	EndGlobalSection
	GlobalSection(SolutionProperties) = preSolution
		HideSolutionNode = FALSE
	EndGlobalSection
	GlobalSection(ExtensibilityGlobals) = postSolution
		SolutionGuid = {EAFF2EA2-C1C0-47D8-83A3-D200A6200905}
	EndGlobalSection
EndGlobal
